
Microsoft Visual Studio Solution File, Format Version 12.00
# Visual Studio Version 17
VisualStudioVersion = 17.1.32407.343
MinimumVisualStudioVersion = 10.0.40219.1
Project("{FAE04EC0-301F-11D3-BF4B-00C04F79EFBC}") = "FileSharingApp.API", "FileSharingApp.API\FileSharingApp.API.csproj", "{4ADF61EA-F760-4CB6-85C5-6EE7483FB76E}"
EndProject
Project("{FAE04EC0-301F-11D3-BF4B-00C04F79EFBC}") = "FileSharingAppUnitTests", "FileSharingAppUnitTests\FileSharingAppUnitTests.csproj", "{16EE1588-F0E0-4247-AF47-DA0268A012D5}"
EndProject
Global
	GlobalSection(SolutionConfigurationPlatforms) = preSolution
		Debug|Any CPU = Debug|Any CPU
		Release|Any CPU = Release|Any CPU
	EndGlobalSection
	GlobalSection(ProjectConfigurationPlatforms) = postSolution
		{4ADF61EA-F760-4CB6-85C5-6EE7483FB76E}.Debug|Any CPU.ActiveCfg = Debug|Any CPU
		{4ADF61EA-F760-4CB6-85C5-6EE7483FB76E}.Debug|Any CPU.Build.0 = Debug|Any CPU
		{4ADF61EA-F760-4CB6-85C5-6EE7483FB76E}.Release|Any CPU.ActiveCfg = Release|Any CPU
		{4ADF61EA-F760-4CB6-85C5-6EE7483FB76E}.Release|Any CPU.Build.0 = Release|Any CPU
		{16EE1588-F0E0-4247-AF47-DA0268A012D5}.Debug|Any CPU.ActiveCfg = Debug|Any CPU
		{16EE1588-F0E0-4247-AF47-DA0268A012D5}.Debug|Any CPU.Build.0 = Debug|Any CPU
		{16EE1588-F0E0-4247-AF47-DA0268A012D5}.Release|Any CPU.ActiveCfg = Release|Any CPU
		{16EE1588-F0E0-4247-AF47-DA0268A012D5}.Release|Any CPU.Build.0 = Release|Any CPU
	EndGlobalSection
	GlobalSection(SolutionProperties) = preSolution
		HideSolutionNode = FALSE
	EndGlobalSection
	GlobalSection(ExtensibilityGlobals) = postSolution
		SolutionGuid = {5DBBF775-8AB5-4390-B6C7-4DE497846B57}
	EndGlobalSection
EndGlobal
